
Microsoft Visual Studio Solution File, Format Version 12.00
# Visual Studio Version 16
VisualStudioVersion = 16.0.32510.428
MinimumVisualStudioVersion = 10.0.40219.1
Project("{FAE04EC0-301F-11D3-BF4B-00C04F79EFBC}") = "Crud.Api", "Crud.Api.csproj", "{603EA46F-D843-4E3C-BEBA-B5162B2D5E0B}"
EndProject
Global
	GlobalSection(SolutionConfigurationPlatforms) = preSolution
		Debug|Any CPU = Debug|Any CPU
		Release|Any CPU = Release|Any CPU
	EndGlobalSection
	GlobalSection(ProjectConfigurationPlatforms) = postSolution
		{603EA46F-D843-4E3C-BEBA-B5162B2D5E0B}.Debug|Any CPU.ActiveCfg = Debug|Any CPU
		{603EA46F-D843-4E3C-BEBA-B5162B2D5E0B}.Debug|Any CPU.Build.0 = Debug|Any CPU
		{603EA46F-D843-4E3C-BEBA-B5162B2D5E0B}.Release|Any CPU.ActiveCfg = Release|Any CPU
		{603EA46F-D843-4E3C-BEBA-B5162B2D5E0B}.Release|Any CPU.Build.0 = Release|Any CPU
	EndGlobalSection
	GlobalSection(SolutionProperties) = preSolution
		HideSolutionNode = FALSE
	EndGlobalSection
	GlobalSection(ExtensibilityGlobals) = postSolution
		SolutionGuid = {A5506FDA-C03E-4FB6-883B-8D9891ABEB29}
	EndGlobalSection
EndGlobal
